
Microsoft Visual Studio Solution File, Format Version 12.00
# Visual Studio Version 17
VisualStudioVersion = 17.9.34728.123
MinimumVisualStudioVersion = 10.0.40219.1
Project("{FAE04EC0-301F-11D3-BF4B-00C04F79EFBC}") = "MovieApi", "MovieApi\MovieApi.csproj", "{BB62D7B4-24C5-46CA-A13F-442E747F09C5}"
EndProject
Project("{FAE04EC0-301F-11D3-BF4B-00C04F79EFBC}") = "Core", "Core\Core.csproj", "{C522FD31-D74A-4BA0-8308-B1D4EA5F912B}"
EndProject
Project("{FAE04EC0-301F-11D3-BF4B-00C04F79EFBC}") = "Infrastracture", "Infrastracture\Infrastracture.csproj", "{5B89116A-9679-4373-83DF-F23C33270060}"
EndProject
Global
	GlobalSection(SolutionConfigurationPlatforms) = preSolution
		Debug|Any CPU = Debug|Any CPU
		Release|Any CPU = Release|Any CPU
	EndGlobalSection
	GlobalSection(ProjectConfigurationPlatforms) = postSolution
		{BB62D7B4-24C5-46CA-A13F-442E747F09C5}.Debug|Any CPU.ActiveCfg = Debug|Any CPU
		{BB62D7B4-24C5-46CA-A13F-442E747F09C5}.Debug|Any CPU.Build.0 = Debug|Any CPU
		{BB62D7B4-24C5-46CA-A13F-442E747F09C5}.Release|Any CPU.ActiveCfg = Release|Any CPU
		{BB62D7B4-24C5-46CA-A13F-442E747F09C5}.Release|Any CPU.Build.0 = Release|Any CPU
		{C522FD31-D74A-4BA0-8308-B1D4EA5F912B}.Debug|Any CPU.ActiveCfg = Debug|Any CPU
		{C522FD31-D74A-4BA0-8308-B1D4EA5F912B}.Debug|Any CPU.Build.0 = Debug|Any CPU
		{C522FD31-D74A-4BA0-8308-B1D4EA5F912B}.Release|Any CPU.ActiveCfg = Release|Any CPU
		{C522FD31-D74A-4BA0-8308-B1D4EA5F912B}.Release|Any CPU.Build.0 = Release|Any CPU
		{5B89116A-9679-4373-83DF-F23C33270060}.Debug|Any CPU.ActiveCfg = Debug|Any CPU
		{5B89116A-9679-4373-83DF-F23C33270060}.Debug|Any CPU.Build.0 = Debug|Any CPU
		{5B89116A-9679-4373-83DF-F23C33270060}.Release|Any CPU.ActiveCfg = Release|Any CPU
		{5B89116A-9679-4373-83DF-F23C33270060}.Release|Any CPU.Build.0 = Release|Any CPU
	EndGlobalSection
	GlobalSection(SolutionProperties) = preSolution
		HideSolutionNode = FALSE
	EndGlobalSection
	GlobalSection(ExtensibilityGlobals) = postSolution
		SolutionGuid = {127F0F21-6277-41B3-B943-63CFF27014A0}
	EndGlobalSection
EndGlobal
